// !$*UTF8*$!
{
	archiveVersion = 1;
	classes = {
	};
	objectVersion = 50;
	objects = {

/* Begin PBXBuildFile section */
		007867C821D84C5B00C7B86A /* SettingViewController.swift in Sources */ = {isa = PBXBuildFile; fileRef = 007867C721D84C5B00C7B86A /* SettingViewController.swift */; };
		00C6B3EA21D05DE300B55223 /* AppDelegate.swift in Sources */ = {isa = PBXBuildFile; fileRef = 00C6B3E921D05DE300B55223 /* AppDelegate.swift */; };
		00C6B3EC21D05DE300B55223 /* ViewController.swift in Sources */ = {isa = PBXBuildFile; fileRef = 00C6B3EB21D05DE300B55223 /* ViewController.swift */; };
		00C6B3EF21D05DE300B55223 /* Main.storyboard in Resources */ = {isa = PBXBuildFile; fileRef = 00C6B3ED21D05DE300B55223 /* Main.storyboard */; };
		00C6B3F121D05DE500B55223 /* Assets.xcassets in Resources */ = {isa = PBXBuildFile; fileRef = 00C6B3F021D05DE500B55223 /* Assets.xcassets */; };
		00C6B3F421D05DE500B55223 /* LaunchScreen.storyboard in Resources */ = {isa = PBXBuildFile; fileRef = 00C6B3F221D05DE500B55223 /* LaunchScreen.storyboard */; };
		00C6B3FF21D05DE500B55223 /* tippyTests.swift in Sources */ = {isa = PBXBuildFile; fileRef = 00C6B3FE21D05DE500B55223 /* tippyTests.swift */; };
		00C6B40A21D05DE500B55223 /* tippyUITests.swift in Sources */ = {isa = PBXBuildFile; fileRef = 00C6B40921D05DE500B55223 /* tippyUITests.swift */; };
/* End PBXBuildFile section */

/* Begin PBXContainerItemProxy section */
		00C6B3FB21D05DE500B55223 /* PBXContainerItemProxy */ = {
			isa = PBXContainerItemProxy;
			containerPortal = 00C6B3DE21D05DE300B55223 /* Project object */;
			proxyType = 1;
			remoteGlobalIDString = 00C6B3E521D05DE300B55223;
			remoteInfo = tippy;
		};
		00C6B40621D05DE500B55223 /* PBXContainerItemProxy */ = {
			isa = PBXContainerItemProxy;
			containerPortal = 00C6B3DE21D05DE300B55223 /* Project object */;
			proxyType = 1;
			remoteGlobalIDString = 00C6B3E521D05DE300B55223;
			remoteInfo = tippy;
		};
/* End PBXContainerItemProxy section */

/* Begin PBXFileReference section */
		007867C721D84C5B00C7B86A /* SettingViewController.swift */ = {isa = PBXFileReference; lastKnownFileType = sourcecode.swift; path = SettingViewController.swift; sourceTree = "<group>"; };
		00C6B3E621D05DE300B55223 /* tippy.app */ = {isa = PBXFileReference; explicitFileType = wrapper.application; includeInIndex = 0; path = tippy.app; sourceTree = BUILT_PRODUCTS_DIR; };
		00C6B3E921D05DE300B55223 /* AppDelegate.swift */ = {isa = PBXFileReference; lastKnownFileType = sourcecode.swift; path = AppDelegate.swift; sourceTree = "<group>"; };
		00C6B3EB21D05DE300B55223 /* ViewController.swift */ = {isa = PBXFileReference; lastKnownFileType = sourcecode.swift; path = ViewController.swift; sourceTree = "<group>"; };
		00C6B3EE21D05DE300B55223 /* Base */ = {isa = PBXFileReference; lastKnownFileType = file.storyboard; name = Base; path = Base.lproj/Main.storyboard; sourceTree = "<group>"; };
		00C6B3F021D05DE500B55223 /* Assets.xcassets */ = {isa = PBXFileReference; lastKnownFileType = folder.assetcatalog; path = Assets.xcassets; sourceTree = "<group>"; };
		00C6B3F321D05DE500B55223 /* Base */ = {isa = PBXFileReference; lastKnownFileType = file.storyboard; name = Base; path = Base.lproj/LaunchScreen.storyboard; sourceTree = "<group>"; };
		00C6B3F521D05DE500B55223 /* Info.plist */ = {isa = PBXFileReference; lastKnownFileType = text.plist.xml; path = Info.plist; sourceTree = "<group>"; };
		00C6B3FA21D05DE500B55223 /* tippyTests.xctest */ = {isa = PBXFileReference; explicitFileType = wrapper.cfbundle; includeInIndex = 0; path = tippyTests.xctest; sourceTree = BUILT_PRODUCTS_DIR; };
		00C6B3FE21D05DE500B55223 /* tippyTests.swift */ = {isa = PBXFileReference; lastKnownFileType = sourcecode.swift; path = tippyTests.swift; sourceTree = "<group>"; };
		00C6B40021D05DE500B55223 /* Info.plist */ = {isa = PBXFileReference; lastKnownFileType = text.plist.xml; path = Info.plist; sourceTree = "<group>"; };
		00C6B40521D05DE500B55223 /* tippyUITests.xctest */ = {isa = PBXFileReference; explicitFileType = wrapper.cfbundle; includeInIndex = 0; path = tippyUITests.xctest; sourceTree = BUILT_PRODUCTS_DIR; };
		00C6B40921D05DE500B55223 /* tippyUITests.swift */ = {isa = PBXFileReference; lastKnownFileType = sourcecode.swift; path = tippyUITests.swift; sourceTree = "<group>"; };
		00C6B40B21D05DE500B55223 /* Info.plist */ = {isa = PBXFileReference; lastKnownFileType = text.plist.xml; path = Info.plist; sourceTree = "<group>"; };
/* End PBXFileReference section */

/* Begin PBXFrameworksBuildPhase section */
		00C6B3E321D05DE300B55223 /* Frameworks */ = {
			isa = PBXFrameworksBuildPhase;
			buildActionMask = 2147483647;
			files = (
			);
			runOnlyForDeploymentPostprocessing = 0;
		};
		00C6B3F721D05DE500B55223 /* Frameworks */ = {
			isa = PBXFrameworksBuildPhase;
			buildActionMask = 2147483647;
			files = (
			);
			runOnlyForDeploymentPostprocessing = 0;
		};
		00C6B40221D05DE500B55223 /* Frameworks */ = {
			isa = PBXFrameworksBuildPhase;
			buildActionMask = 2147483647;
			files = (
			);
			runOnlyForDeploymentPostprocessing = 0;
		};
/* End PBXFrameworksBuildPhase section */

/* Begin PBXGroup section */
		00C6B3DD21D05DE300B55223 = {
			isa = PBXGroup;
			children = (
				00C6B3E821D05DE300B55223 /* tippy */,
				00C6B3FD21D05DE500B55223 /* tippyTests */,
				00C6B40821D05DE500B55223 /* tippyUITests */,
				00C6B3E721D05DE300B55223 /* Products */,
			);
			sourceTree = "<group>";
		};
		00C6B3E721D05DE300B55223 /* Products */ = {
			isa = PBXGroup;
			children = (
				00C6B3E621D05DE300B55223 /* tippy.app */,
				00C6B3FA21D05DE500B55223 /* tippyTests.xctest */,
				00C6B40521D05DE500B55223 /* tippyUITests.xctest */,
			);
			name = Products;
			sourceTree = "<group>";
		};
		00C6B3E821D05DE300B55223 /* tippy */ = {
			isa = PBXGroup;
			children = (
				00C6B3E921D05DE300B55223 /* AppDelegate.swift */,
				00C6B3EB21D05DE300B55223 /* ViewController.swift */,
				00C6B3ED21D05DE300B55223 /* Main.storyboard */,
				007867C721D84C5B00C7B86A /* SettingViewController.swift */,
				00C6B3F021D05DE500B55223 /* Assets.xcassets */,
				00C6B3F221D05DE500B55223 /* LaunchScreen.storyboard */,
				00C6B3F521D05DE500B55223 /* Info.plist */,
			);
			path = tippy;
			sourceTree = "<group>";
		};
		00C6B3FD21D05DE500B55223 /* tippyTests */ = {
			isa = PBXGroup;
			children = (
				00C6B3FE21D05DE500B55223 /* tippyTests.swift */,
				00C6B40021D05DE500B55223 /* Info.plist */,
			);
			path = tippyTests;
			sourceTree = "<group>";
		};
		00C6B40821D05DE500B55223 /* tippyUITests */ = {
			isa = PBXGroup;
			children = (
				00C6B40921D05DE500B55223 /* tippyUITests.swift */,
				00C6B40B21D05DE500B55223 /* Info.plist */,
			);
			path = tippyUITests;
			sourceTree = "<group>";
		};
/* End PBXGroup section */

/* Begin PBXNativeTarget section */
		00C6B3E521D05DE300B55223 /* tippy */ = {
			isa = PBXNativeTarget;
			buildConfigurationList = 00C6B40E21D05DE500B55223 /* Build configuration list for PBXNativeTarget "tippy" */;
			buildPhases = (
				00C6B3E221D05DE300B55223 /* Sources */,
				00C6B3E321D05DE300B55223 /* Frameworks */,
				00C6B3E421D05DE300B55223 /* Resources */,
			);
			buildRules = (
			);
			dependencies = (
			);
			name = tippy;
			productName = tippy;
			productReference = 00C6B3E621D05DE300B55223 /* tippy.app */;
			productType = "com.apple.product-type.application";
		};
		00C6B3F921D05DE500B55223 /* tippyTests */ = {
			isa = PBXNativeTarget;
			buildConfigurationList = 00C6B41121D05DE500B55223 /* Build configuration list for PBXNativeTarget "tippyTests" */;
			buildPhases = (
				00C6B3F621D05DE500B55223 /* Sources */,
				00C6B3F721D05DE500B55223 /* Frameworks */,
				00C6B3F821D05DE500B55223 /* Resources */,
			);
			buildRules = (
			);
			dependencies = (
				00C6B3FC21D05DE500B55223 /* PBXTargetDependency */,
			);
			name = tippyTests;
			productName = tippyTests;
			productReference = 00C6B3FA21D05DE500B55223 /* tippyTests.xctest */;
			productType = "com.apple.product-type.bundle.unit-test";
		};
		00C6B40421D05DE500B55223 /* tippyUITests */ = {
			isa = PBXNativeTarget;
			buildConfigurationList = 00C6B41421D05DE500B55223 /* Build configuration list for PBXNativeTarget "tippyUITests" */;
			buildPhases = (
				00C6B40121D05DE500B55223 /* Sources */,
				00C6B40221D05DE500B55223 /* Frameworks */,
				00C6B40321D05DE500B55223 /* Resources */,
			);
			buildRules = (
			);
			dependencies = (
				00C6B40721D05DE500B55223 /* PBXTargetDependency */,
			);
			name = tippyUITests;
			productName = tippyUITests;
			productReference = 00C6B40521D05DE500B55223 /* tippyUITests.xctest */;
			productType = "com.apple.product-type.bundle.ui-testing";
		};
/* End PBXNativeTarget section */

/* Begin PBXProject section */
		00C6B3DE21D05DE300B55223 /* Project object */ = {
			isa = PBXProject;
			attributes = {
				LastSwiftUpdateCheck = 1010;
				LastUpgradeCheck = 1010;
				ORGANIZATIONNAME = "Grace Liu";
				TargetAttributes = {
					00C6B3E521D05DE300B55223 = {
						CreatedOnToolsVersion = 10.1;
					};
					00C6B3F921D05DE500B55223 = {
						CreatedOnToolsVersion = 10.1;
						TestTargetID = 00C6B3E521D05DE300B55223;
					};
					00C6B40421D05DE500B55223 = {
						CreatedOnToolsVersion = 10.1;
						TestTargetID = 00C6B3E521D05DE300B55223;
					};
				};
			};
			buildConfigurationList = 00C6B3E121D05DE300B55223 /* Build configuration list for PBXProject "tippy" */;
			compatibilityVersion = "Xcode 9.3";
			developmentRegion = en;
			hasScannedForEncodings = 0;
			knownRegions = (
				en,
				Base,
			);
			mainGroup = 00C6B3DD21D05DE300B55223;
			productRefGroup = 00C6B3E721D05DE300B55223 /* Products */;
			projectDirPath = "";
			projectRoot = "";
			targets = (
				00C6B3E521D05DE300B55223 /* tippy */,
				00C6B3F921D05DE500B55223 /* tippyTests */,
				00C6B40421D05DE500B55223 /* tippyUITests */,
			);
		};
/* End PBXProject section */

/* Begin PBXResourcesBuildPhase section */
		00C6B3E421D05DE300B55223 /* Resources */ = {
			isa = PBXResourcesBuildPhase;
			buildActionMask = 2147483647;
			files = (
				00C6B3F421D05DE500B55223 /* LaunchScreen.storyboard in Resources */,
				00C6B3F121D05DE500B55223 /* Assets.xcassets in Resources */,
				00C6B3EF21D05DE300B55223 /* Main.storyboard in Resources */,
			);
			runOnlyForDeploymentPostprocessing = 0;
		};
		00C6B3F821D05DE500B55223 /* Resources */ = {
			isa = PBXResourcesBuildPhase;
			buildActionMask = 2147483647;
			files = (
			);
			runOnlyForDeploymentPostprocessing = 0;
		};
		00C6B40321D05DE500B55223 /* Resources */ = {
			isa = PBXResourcesBuildPhase;
			buildActionMask = 2147483647;
			files = (
			);
			runOnlyForDeploymentPostprocessing = 0;
		};
/* End PBXResourcesBuildPhase section */

/* Begin PBXSourcesBuildPhase section */
		00C6B3E221D05DE300B55223 /* Sources */ = {
			isa = PBXSourcesBuildPhase;
			buildActionMask = 2147483647;
			files = (
				00C6B3EC21D05DE300B55223 /* ViewController.swift in Sources */,
				00C6B3EA21D05DE300B55223 /* AppDelegate.swift in Sources */,
				007867C821D84C5B00C7B86A /* SettingViewController.swift in Sources */,
			);
			runOnlyForDeploymentPostprocessing = 0;
		};
		00C6B3F621D05DE500B55223 /* Sources */ = {
			isa = PBXSourcesBuildPhase;
			buildActionMask = 2147483647;
			files = (
				00C6B3FF21D05DE500B55223 /* tippyTests.swift in Sources */,
			);
			runOnlyForDeploymentPostprocessing = 0;
		};
		00C6B40121D05DE500B55223 /* Sources */ = {
			isa = PBXSourcesBuildPhase;
			buildActionMask = 2147483647;
			files = (
				00C6B40A21D05DE500B55223 /* tippyUITests.swift in Sources */,
			);
			runOnlyForDeploymentPostprocessing = 0;
		};
/* End PBXSourcesBuildPhase section */

/* Begin PBXTargetDependency section */
		00C6B3FC21D05DE500B55223 /* PBXTargetDependency */ = {
			isa = PBXTargetDependency;
			target = 00C6B3E521D05DE300B55223 /* tippy */;
			targetProxy = 00C6B3FB21D05DE500B55223 /* PBXContainerItemProxy */;
		};
		00C6B40721D05DE500B55223 /* PBXTargetDependency */ = {
			isa = PBXTargetDependency;
			target = 00C6B3E521D05DE300B55223 /* tippy */;
			targetProxy = 00C6B40621D05DE500B55223 /* PBXContainerItemProxy */;
		};
/* End PBXTargetDependency section */

/* Begin PBXVariantGroup section */
		00C6B3ED21D05DE300B55223 /* Main.storyboard */ = {
			isa = PBXVariantGroup;
			children = (
				00C6B3EE21D05DE300B55223 /* Base */,
			);
			name = Main.storyboard;
			sourceTree = "<group>";
		};
		00C6B3F221D05DE500B55223 /* LaunchScreen.storyboard */ = {
			isa = PBXVariantGroup;
			children = (
				00C6B3F321D05DE500B55223 /* Base */,
			);
			name = LaunchScreen.storyboard;
			sourceTree = "<group>";
		};
/* End PBXVariantGroup section */

/* Begin XCBuildConfiguration section */
		00C6B40C21D05DE500B55223 /* Debug */ = {
			isa = XCBuildConfiguration;
			buildSettings = {
				ALWAYS_SEARCH_USER_PATHS = NO;
				CLANG_ANALYZER_NONNULL = YES;
				CLANG_ANALYZER_NUMBER_OBJECT_CONVERSION = YES_AGGRESSIVE;
				CLANG_CXX_LANGUAGE_STANDARD = "gnu++14";
				CLANG_CXX_LIBRARY = "libc++";
				CLANG_ENABLE_MODULES = YES;
				CLANG_ENABLE_OBJC_ARC = YES;
				CLANG_ENABLE_OBJC_WEAK = YES;
				CLANG_WARN_BLOCK_CAPTURE_AUTORELEASING = YES;
				CLANG_WARN_BOOL_CONVERSION = YES;
				CLANG_WARN_COMMA = YES;
				CLANG_WARN_CONSTANT_CONVERSION = YES;
				CLANG_WARN_DEPRECATED_OBJC_IMPLEMENTATIONS = YES;
				CLANG_WARN_DIRECT_OBJC_ISA_USAGE = YES_ERROR;
				CLANG_WARN_DOCUMENTATION_COMMENTS = YES;
				CLANG_WARN_EMPTY_BODY = YES;
				CLANG_WARN_ENUM_CONVERSION = YES;
				CLANG_WARN_INFINITE_RECURSION = YES;
				CLANG_WARN_INT_CONVERSION = YES;
				CLANG_WARN_NON_LITERAL_NULL_CONVERSION = YES;
				CLANG_WARN_OBJC_IMPLICIT_RETAIN_SELF = YES;
				CLANG_WARN_OBJC_LITERAL_CONVERSION = YES;
				CLANG_WARN_OBJC_ROOT_CLASS = YES_ERROR;
				CLANG_WARN_RANGE_LOOP_ANALYSIS = YES;
				CLANG_WARN_STRICT_PROTOTYPES = YES;
				CLANG_WARN_SUSPICIOUS_MOVE = YES;
				CLANG_WARN_UNGUARDED_AVAILABILITY = YES_AGGRESSIVE;
				CLANG_WARN_UNREACHABLE_CODE = YES;
				CLANG_WARN__DUPLICATE_METHOD_MATCH = YES;
				CODE_SIGN_IDENTITY = "iPhone Developer";
				COPY_PHASE_STRIP = NO;
				DEBUG_INFORMATION_FORMAT = dwarf;
				ENABLE_STRICT_OBJC_MSGSEND = YES;
				ENABLE_TESTABILITY = YES;
				GCC_C_LANGUAGE_STANDARD = gnu11;
				GCC_DYNAMIC_NO_PIC = NO;
				GCC_NO_COMMON_BLOCKS = YES;
				GCC_OPTIMIZATION_LEVEL = 0;
				GCC_PREPROCESSOR_DEFINITIONS = (
					"DEBUG=1",
					"$(inherited)",
				);
				GCC_WARN_64_TO_32_BIT_CONVERSION = YES;
				GCC_WARN_ABOUT_RETURN_TYPE = YES_ERROR;
				GCC_WARN_UNDECLARED_SELECTOR = YES;
				GCC_WARN_UNINITIALIZED_AUTOS = YES_AGGRESSIVE;
				GCC_WARN_UNUSED_FUNCTION = YES;
				GCC_WARN_UNUSED_VARIABLE = YES;
				IPHONEOS_DEPLOYMENT_TARGET = 12.1;
				MTL_ENABLE_DEBUG_INFO = INCLUDE_SOURCE;
				MTL_FAST_MATH = YES;
				ONLY_ACTIVE_ARCH = YES;
				SDKROOT = iphoneos;
				SWIFT_ACTIVE_COMPILATION_CONDITIONS = DEBUG;
				SWIFT_OPTIMIZATION_LEVEL = "-Onone";
			};
			name = Debug;
		};
		00C6B40D21D05DE500B55223 /* Release */ = {
			isa = XCBuildConfiguration;
			buildSettings = {
				ALWAYS_SEARCH_USER_PATHS = NO;
				CLANG_ANALYZER_NONNULL = YES;
				CLANG_ANALYZER_NUMBER_OBJECT_CONVERSION = YES_AGGRESSIVE;
				CLANG_CXX_LANGUAGE_STANDARD = "gnu++14";
				CLANG_CXX_LIBRARY = "libc++";
				CLANG_ENABLE_MODULES = YES;
				CLANG_ENABLE_OBJC_ARC = YES;
				CLANG_ENABLE_OBJC_WEAK = YES;
				CLANG_WARN_BLOCK_CAPTURE_AUTORELEASING = YES;
				CLANG_WARN_BOOL_CONVERSION = YES;
				CLANG_WARN_COMMA = YES;
				CLANG_WARN_CONSTANT_CONVERSION = YES;
				CLANG_WARN_DEPRECATED_OBJC_IMPLEMENTATIONS = YES;
				CLANG_WARN_DIRECT_OBJC_ISA_USAGE = YES_ERROR;
				CLANG_WARN_DOCUMENTATION_COMMENTS = YES;
				CLANG_WARN_EMPTY_BODY = YES;
				CLANG_WARN_ENUM_CONVERSION = YES;
				CLANG_WARN_INFINITE_RECURSION = YES;
				CLANG_WARN_INT_CONVERSION = YES;
				CLANG_WARN_NON_LITERAL_NULL_CONVERSION = YES;
				CLANG_WARN_OBJC_IMPLICIT_RETAIN_SELF = YES;
				CLANG_WARN_OBJC_LITERAL_CONVERSION = YES;
				CLANG_WARN_OBJC_ROOT_CLASS = YES_ERROR;
				CLANG_WARN_RANGE_LOOP_ANALYSIS = YES;
				CLANG_WARN_STRICT_PROTOTYPES = YES;
				CLANG_WARN_SUSPICIOUS_MOVE = YES;
				CLANG_WARN_UNGUARDED_AVAILABILITY = YES_AGGRESSIVE;
				CLANG_WARN_UNREACHABLE_CODE = YES;
				CLANG_WARN__DUPLICATE_METHOD_MATCH = YES;
				CODE_SIGN_IDENTITY = "iPhone Developer";
				COPY_PHASE_STRIP = NO;
				DEBUG_INFORMATION_FORMAT = "dwarf-with-dsym";
				ENABLE_NS_ASSERTIONS = NO;
				ENABLE_STRICT_OBJC_MSGSEND = YES;
				GCC_C_LANGUAGE_STANDARD = gnu11;
				GCC_NO_COMMON_BLOCKS = YES;
				GCC_WARN_64_TO_32_BIT_CONVERSION = YES;
				GCC_WARN_ABOUT_RETURN_TYPE = YES_ERROR;
				GCC_WARN_UNDECLARED_SELECTOR = YES;
				GCC_WARN_UNINITIALIZED_AUTOS = YES_AGGRESSIVE;
				GCC_WARN_UNUSED_FUNCTION = YES;
				GCC_WARN_UNUSED_VARIABLE = YES;
				IPHONEOS_DEPLOYMENT_TARGET = 12.1;
				MTL_ENABLE_DEBUG_INFO = NO;
				MTL_FAST_MATH = YES;
				SDKROOT = iphoneos;
				SWIFT_COMPILATION_MODE = wholemodule;
				SWIFT_OPTIMIZATION_LEVEL = "-O";
				VALIDATE_PRODUCT = YES;
			};
			name = Release;
		};
		00C6B40F21D05DE500B55223 /* Debug */ = {
			isa = XCBuildConfiguration;
			buildSettings = {
				ASSETCATALOG_COMPILER_APPICON_NAME = AppIcon;
				CODE_SIGN_STYLE = Automatic;
				INFOPLIST_FILE = tippy/Info.plist;
				LD_RUNPATH_SEARCH_PATHS = (
					"$(inherited)",
					"@executable_path/Frameworks",
				);
				PRODUCT_BUNDLE_IDENTIFIER = grace.liu.tippy;
				PRODUCT_NAME = "$(TARGET_NAME)";
				SWIFT_VERSION = 4.2;
				TARGETED_DEVICE_FAMILY = "1,2";
			};
			name = Debug;
		};
		00C6B41021D05DE500B55223 /* Release */ = {
			isa = XCBuildConfiguration;
			buildSettings = {
				ASSETCATALOG_COMPILER_APPICON_NAME = AppIcon;
				CODE_SIGN_STYLE = Automatic;
				INFOPLIST_FILE = tippy/Info.plist;
				LD_RUNPATH_SEARCH_PATHS = (
					"$(inherited)",
					"@executable_path/Frameworks",
				);
				PRODUCT_BUNDLE_IDENTIFIER = grace.liu.tippy;
				PRODUCT_NAME = "$(TARGET_NAME)";
				SWIFT_VERSION = 4.2;
				TARGETED_DEVICE_FAMILY = "1,2";
			};
			name = Release;
		};
		00C6B41221D05DE500B55223 /* Debug */ = {
			isa = XCBuildConfiguration;
			buildSettings = {
				ALWAYS_EMBED_SWIFT_STANDARD_LIBRARIES = YES;
				BUNDLE_LOADER = "$(TEST_HOST)";
				CODE_SIGN_STYLE = Automatic;
				INFOPLIST_FILE = tippyTests/Info.plist;
				LD_RUNPATH_SEARCH_PATHS = (
					"$(inherited)",
					"@executable_path/Frameworks",
					"@loader_path/Frameworks",
				);
				PRODUCT_BUNDLE_IDENTIFIER = grace.liu.tippyTests;
				PRODUCT_NAME = "$(TARGET_NAME)";
				SWIFT_VERSION = 4.2;
				TARGETED_DEVICE_FAMILY = "1,2";
				TEST_HOST = "$(BUILT_PRODUCTS_DIR)/tippy.app/tippy";
			};
			name = Debug;
		};
		00C6B41321D05DE500B55223 /* Release */ = {
			isa = XCBuildConfiguration;
			buildSettings = {
				ALWAYS_EMBED_SWIFT_STANDARD_LIBRARIES = YES;
				BUNDLE_LOADER = "$(TEST_HOST)";
				CODE_SIGN_STYLE = Automatic;
				INFOPLIST_FILE = tippyTests/Info.plist;
				LD_RUNPATH_SEARCH_PATHS = (
					"$(inherited)",
					"@executable_path/Frameworks",
					"@loader_path/Frameworks",
				);
				PRODUCT_BUNDLE_IDENTIFIER = grace.liu.tippyTests;
				PRODUCT_NAME = "$(TARGET_NAME)";
				SWIFT_VERSION = 4.2;
				TARGETED_DEVICE_FAMILY = "1,2";
				TEST_HOST = "$(BUILT_PRODUCTS_DIR)/tippy.app/tippy";
			};
			name = Release;
		};
		00C6B41521D05DE500B55223 /* Debug */ = {
			isa = XCBuildConfiguration;
			buildSettings = {
				ALWAYS_EMBED_SWIFT_STANDARD_LIBRARIES = YES;
				CODE_SIGN_STYLE = Automatic;
				INFOPLIST_FILE = tippyUITests/Info.plist;
				LD_RUNPATH_SEARCH_PATHS = (
					"$(inherited)",
					"@executable_path/Frameworks",
					"@loader_path/Frameworks",
				);
				PRODUCT_BUNDLE_IDENTIFIER = grace.liu.tippyUITests;
				PRODUCT_NAME = "$(TARGET_NAME)";
				SWIFT_VERSION = 4.2;
				TARGETED_DEVICE_FAMILY = "1,2";
				TEST_TARGET_NAME = tippy;
			};
			name = Debug;
		};
		00C6B41621D05DE500B55223 /* Release */ = {
			isa = XCBuildConfiguration;
			buildSettings = {
				ALWAYS_EMBED_SWIFT_STANDARD_LIBRARIES = YES;
				CODE_SIGN_STYLE = Automatic;
				INFOPLIST_FILE = tippyUITests/Info.plist;
				LD_RUNPATH_SEARCH_PATHS = (
					"$(inherited)",
					"@executable_path/Frameworks",
					"@loader_path/Frameworks",
				);
				PRODUCT_BUNDLE_IDENTIFIER = grace.liu.tippyUITests;
				PRODUCT_NAME = "$(TARGET_NAME)";
				SWIFT_VERSION = 4.2;
				TARGETED_DEVICE_FAMILY = "1,2";
				TEST_TARGET_NAME = tippy;
			};
			name = Release;
		};
/* End XCBuildConfiguration section */

/* Begin XCConfigurationList section */
		00C6B3E121D05DE300B55223 /* Build configuration list for PBXProject "tippy" */ = {
			isa = XCConfigurationList;
			buildConfigurations = (
				00C6B40C21D05DE500B55223 /* Debug */,
				00C6B40D21D05DE500B55223 /* Release */,
			);
			defaultConfigurationIsVisible = 0;
			defaultConfigurationName = Release;
		};
		00C6B40E21D05DE500B55223 /* Build configuration list for PBXNativeTarget "tippy" */ = {
			isa = XCConfigurationList;
			buildConfigurations = (
				00C6B40F21D05DE500B55223 /* Debug */,
				00C6B41021D05DE500B55223 /* Release */,
			);
			defaultConfigurationIsVisible = 0;
			defaultConfigurationName = Release;
		};
		00C6B41121D05DE500B55223 /* Build configuration list for PBXNativeTarget "tippyTests" */ = {
			isa = XCConfigurationList;
			buildConfigurations = (
				00C6B41221D05DE500B55223 /* Debug */,
				00C6B41321D05DE500B55223 /* Release */,
			);
			defaultConfigurationIsVisible = 0;
			defaultConfigurationName = Release;
		};
		00C6B41421D05DE500B55223 /* Build configuration list for PBXNativeTarget "tippyUITests" */ = {
			isa = XCConfigurationList;
			buildConfigurations = (
				00C6B41521D05DE500B55223 /* Debug */,
				00C6B41621D05DE500B55223 /* Release */,
			);
			defaultConfigurationIsVisible = 0;
			defaultConfigurationName = Release;
		};
/* End XCConfigurationList section */
	};
	rootObject = 00C6B3DE21D05DE300B55223 /* Project object */;
}
